{
    "name": "dexlog",
    "version": "1.1.1",
    "lockfileVersion": 3,
    "requires": true,
    "packages": {
        "": {
            "name": "dexlog",
            "version": "1.1.1",
            "license": "MIT",
            "devDependencies": {
                "@types/node": "^20.2.1",
                "c8": "^7.13.0",
                "prettier": "2.0.5",
                "ts-node": "^10.9.1",
                "typescript": "^5.0.4"
            }
        },
        "node_modules/@bcoe/v8-coverage": {
            "version": "0.2.3",
            "resolved": "https://pkgs.dev.azure.com/shellenergy-au/_packaging/Common/npm/registry/@bcoe/v8-coverage/-/v8-coverage-0.2.3.tgz",
            "integrity": "sha1-daLotRy3WKdVPWgEpZMteqznXDk=",
            "dev": true,
            "license": "MIT"
        },
        "node_modules/@cspotcode/source-map-support": {
            "version": "0.8.1",
            "resolved": "https://pkgs.dev.azure.com/shellenergy-au/_packaging/Common/npm/registry/@cspotcode/source-map-support/-/source-map-support-0.8.1.tgz",
            "integrity": "sha1-AGKcNaaI4FqIsc2mhPudXnPwAKE=",
            "dev": true,
            "license": "MIT",
            "dependencies": {
                "@jridgewell/trace-mapping": "0.3.9"
            },
            "engines": {
                "node": ">=12"
            }
        },
        "node_modules/@istanbuljs/schema": {
            "version": "0.1.3",
            "resolved": "https://pkgs.dev.azure.com/shellenergy-au/_packaging/Common/npm/registry/@istanbuljs/schema/-/schema-0.1.3.tgz",
            "integrity": "sha1-5F44TkuOwWvOL9kDr3hFD2v37Jg=",
            "dev": true,
            "license": "MIT",
            "engines": {
                "node": ">=8"
            }
        },
        "node_modules/@jridgewell/resolve-uri": {
            "version": "3.1.1",
            "resolved": "https://pkgs.dev.azure.com/shellenergy-au/_packaging/Common/npm/registry/@jridgewell/resolve-uri/-/resolve-uri-3.1.1.tgz",
            "integrity": "sha1-wIZ5Bj8nlhWjMmWDujqQ0dgsxyE=",
            "dev": true,
            "license": "MIT",
            "engines": {
                "node": ">=6.0.0"
            }
        },
        "node_modules/@jridgewell/sourcemap-codec": {
            "version": "1.4.15",
            "resolved": "https://pkgs.dev.azure.com/shellenergy-au/_packaging/Common/npm/registry/@jridgewell/sourcemap-codec/-/sourcemap-codec-1.4.15.tgz",
            "integrity": "sha1-18bmdVx4VnqVHgSrUu8P0m3lnzI=",
            "dev": true,
            "license": "MIT"
        },
        "node_modules/@jridgewell/trace-mapping": {
            "version": "0.3.9",
            "resolved": "https://pkgs.dev.azure.com/shellenergy-au/_packaging/Common/npm/registry/@jridgewell/trace-mapping/-/trace-mapping-0.3.9.tgz",
            "integrity": "sha1-ZTT9WTOlO6fL86F2FeJzoNEnP/k=",
            "dev": true,
            "license": "MIT",
            "dependencies": {
                "@jridgewell/resolve-uri": "^3.0.3",
                "@jridgewell/sourcemap-codec": "^1.4.10"
            }
        },
        "node_modules/@tsconfig/node10": {
            "version": "1.0.9",
            "resolved": "https://pkgs.dev.azure.com/shellenergy-au/_packaging/Common/npm/registry/@tsconfig/node10/-/node10-1.0.9.tgz",
            "integrity": "sha1-30kH/AeohpImN7FeAtTOvEwAIbI=",
            "dev": true,
            "license": "MIT"
        },
        "node_modules/@tsconfig/node12": {
            "version": "1.0.11",
            "resolved": "https://pkgs.dev.azure.com/shellenergy-au/_packaging/Common/npm/registry/@tsconfig/node12/-/node12-1.0.11.tgz",
            "integrity": "sha1-7j3vHyfZ7WbaxuRqKVz/sBUuBY0=",
            "dev": true,
            "license": "MIT"
        },
        "node_modules/@tsconfig/node14": {
            "version": "1.0.3",
            "resolved": "https://pkgs.dev.azure.com/shellenergy-au/_packaging/Common/npm/registry/@tsconfig/node14/-/node14-1.0.3.tgz",
            "integrity": "sha1-5DhjFihPALmENb9A9y91oJ2r9sE=",
            "dev": true,
            "license": "MIT"
        },
        "node_modules/@tsconfig/node16": {
            "version": "1.0.4",
            "resolved": "https://pkgs.dev.azure.com/shellenergy-au/_packaging/Common/npm/registry/@tsconfig/node16/-/node16-1.0.4.tgz",
            "integrity": "sha1-C5LcwMwcgfbzBqOB8o4xsaVlNuk=",
            "dev": true,
            "license": "MIT"
        },
        "node_modules/@types/istanbul-lib-coverage": {
            "version": "2.0.4",
            "resolved": "https://pkgs.dev.azure.com/shellenergy-au/_packaging/Common/npm/registry/@types/istanbul-lib-coverage/-/istanbul-lib-coverage-2.0.4.tgz",
            "integrity": "sha1-hGfUs8CHgF1jWASAiQeRJ3zjXEQ=",
            "dev": true,
            "license": "MIT"
        },
        "node_modules/@types/node": {
            "version": "20.2.1",
            "resolved": "https://pkgs.dev.azure.com/shellenergy-au/_packaging/Common/npm/registry/@types/node/-/node-20.2.1.tgz",
            "integrity": "sha1-3lWdSzO+moCP1DNyzO6CLHDzlwQ=",
            "dev": true,
            "license": "MIT"
        },
        "node_modules/acorn": {
            "version": "8.8.2",
            "resolved": "https://pkgs.dev.azure.com/shellenergy-au/_packaging/Common/npm/registry/acorn/-/acorn-8.8.2.tgz",
            "integrity": "sha1-Gy8l2wKvllOZuXdrDCw5EnbTfEo=",
            "dev": true,
            "license": "MIT",
            "bin": {
                "acorn": "bin/acorn"
            },
            "engines": {
                "node": ">=0.4.0"
            }
        },
        "node_modules/acorn-walk": {
            "version": "8.2.0",
            "resolved": "https://pkgs.dev.azure.com/shellenergy-au/_packaging/Common/npm/registry/acorn-walk/-/acorn-walk-8.2.0.tgz",
            "integrity": "sha1-dBIQ8uJCZFRQiFOi9E0KuDt/acE=",
            "dev": true,
            "license": "MIT",
            "engines": {
                "node": ">=0.4.0"
            }
        },
        "node_modules/ansi-regex": {
            "version": "5.0.1",
            "resolved": "https://pkgs.dev.azure.com/shellenergy-au/_packaging/Common/npm/registry/ansi-regex/-/ansi-regex-5.0.1.tgz",
            "integrity": "sha1-CCyyyJyf6GWaMRpTvWpNxTAdswQ=",
            "dev": true,
            "license": "MIT",
            "engines": {
                "node": ">=8"
            }
        },
        "node_modules/ansi-styles": {
            "version": "4.3.0",
            "resolved": "https://pkgs.dev.azure.com/shellenergy-au/_packaging/Common/npm/registry/ansi-styles/-/ansi-styles-4.3.0.tgz",
            "integrity": "sha1-7dgDYornHATIWuegkG7a00tkiTc=",
            "dev": true,
            "license": "MIT",
            "dependencies": {
                "color-convert": "^2.0.1"
            },
            "engines": {
                "node": ">=8"
            },
            "funding": {
                "url": "https://github.com/chalk/ansi-styles?sponsor=1"
            }
        },
        "node_modules/arg": {
            "version": "4.1.3",
            "resolved": "https://registry.npmjs.org/arg/-/arg-4.1.3.tgz",
            "integrity": "sha512-58S9QDqG0Xx27YwPSt9fJxivjYl432YCwfDMfZ+71RAqUrZef7LrKQZ3LHLOwCS4FLNBplP533Zx895SeOCHvA==",
            "dev": true,
            "license": "MIT"
        },
        "node_modules/balanced-match": {
            "version": "1.0.2",
            "resolved": "https://pkgs.dev.azure.com/shellenergy-au/_packaging/Common/npm/registry/balanced-match/-/balanced-match-1.0.2.tgz",
            "integrity": "sha1-6D46fj8wCzTLnYf2FfoMvzV2kO4=",
            "dev": true,
            "license": "MIT"
        },
        "node_modules/brace-expansion": {
            "version": "1.1.11",
            "resolved": "https://pkgs.dev.azure.com/shellenergy-au/_packaging/Common/npm/registry/brace-expansion/-/brace-expansion-1.1.11.tgz",
            "integrity": "sha1-PH/L9SnYcibz0vUrlm/1Jx60Qd0=",
            "dev": true,
            "license": "MIT",
            "dependencies": {
                "balanced-match": "^1.0.0",
                "concat-map": "0.0.1"
            }
        },
        "node_modules/c8": {
            "version": "7.13.0",
            "resolved": "https://pkgs.dev.azure.com/shellenergy-au/_packaging/Common/npm/registry/c8/-/c8-7.13.0.tgz",
            "integrity": "sha1-oqcKhRJ4cJ31qSR9Ytfz1Ly18uQ=",
            "dev": true,
            "license": "ISC",
            "dependencies": {
                "@bcoe/v8-coverage": "^0.2.3",
                "@istanbuljs/schema": "^0.1.3",
                "find-up": "^5.0.0",
                "foreground-child": "^2.0.0",
                "istanbul-lib-coverage": "^3.2.0",
                "istanbul-lib-report": "^3.0.0",
                "istanbul-reports": "^3.1.4",
                "rimraf": "^3.0.2",
                "test-exclude": "^6.0.0",
                "v8-to-istanbul": "^9.0.0",
                "yargs": "^16.2.0",
                "yargs-parser": "^20.2.9"
            },
            "bin": {
                "c8": "bin/c8.js"
            },
            "engines": {
                "node": ">=10.12.0"
            }
        },
        "node_modules/cliui": {
            "version": "7.0.4",
            "resolved": "https://pkgs.dev.azure.com/shellenergy-au/_packaging/Common/npm/registry/cliui/-/cliui-7.0.4.tgz",
            "integrity": "sha1-oCZe5lVHb8gHrqnfPfjfd4OAi08=",
            "dev": true,
            "license": "ISC",
            "dependencies": {
                "string-width": "^4.2.0",
                "strip-ansi": "^6.0.0",
                "wrap-ansi": "^7.0.0"
            }
        },
        "node_modules/color-convert": {
            "version": "2.0.1",
            "resolved": "https://pkgs.dev.azure.com/shellenergy-au/_packaging/Common/npm/registry/color-convert/-/color-convert-2.0.1.tgz",
            "integrity": "sha1-ctOmjVmMm9s68q0ehPIdiWq9TeM=",
            "dev": true,
            "license": "MIT",
            "dependencies": {
                "color-name": "~1.1.4"
            },
            "engines": {
                "node": ">=7.0.0"
            }
        },
        "node_modules/color-name": {
            "version": "1.1.4",
            "resolved": "https://pkgs.dev.azure.com/shellenergy-au/_packaging/Common/npm/registry/color-name/-/color-name-1.1.4.tgz",
            "integrity": "sha1-wqCah6y95pVD3m9j+jmVyCbFNqI=",
            "dev": true,
            "license": "MIT"
        },
        "node_modules/concat-map": {
            "version": "0.0.1",
            "resolved": "https://pkgs.dev.azure.com/shellenergy-au/_packaging/Common/npm/registry/concat-map/-/concat-map-0.0.1.tgz",
            "integrity": "sha1-2Klr13/Wjfd5OnMDajug1UBdR3s=",
            "dev": true,
            "license": "MIT"
        },
        "node_modules/convert-source-map": {
            "version": "1.9.0",
            "resolved": "https://pkgs.dev.azure.com/shellenergy-au/_packaging/Common/npm/registry/convert-source-map/-/convert-source-map-1.9.0.tgz",
            "integrity": "sha1-f6rmI1P7QhM2bQypg1jSLoNosF8=",
            "dev": true,
            "license": "MIT"
        },
        "node_modules/create-require": {
            "version": "1.1.1",
            "resolved": "https://pkgs.dev.azure.com/shellenergy-au/_packaging/Common/npm/registry/create-require/-/create-require-1.1.1.tgz",
            "integrity": "sha1-wdfo8eX2z8n/ZfnNNS03NIdWwzM=",
            "dev": true,
            "license": "MIT"
        },
        "node_modules/cross-spawn": {
            "version": "7.0.3",
            "resolved": "https://pkgs.dev.azure.com/shellenergy-au/_packaging/Common/npm/registry/cross-spawn/-/cross-spawn-7.0.3.tgz",
            "integrity": "sha1-9zqFudXUHQRVUcF34ogtSshXKKY=",
            "dev": true,
            "license": "MIT",
            "dependencies": {
                "path-key": "^3.1.0",
                "shebang-command": "^2.0.0",
                "which": "^2.0.1"
            },
            "engines": {
                "node": ">= 8"
            }
        },
        "node_modules/diff": {
            "version": "4.0.2",
            "resolved": "https://registry.npmjs.org/diff/-/diff-4.0.2.tgz",
            "integrity": "sha512-58lmxKSA4BNyLz+HHMUzlOEpg09FV+ev6ZMe3vJihgdxzgcwZ8VoEEPmALCZG9LmqfVoNMMKpttIYTVG6uDY7A==",
            "dev": true,
            "license": "BSD-3-Clause",
            "engines": {
                "node": ">=0.3.1"
            }
        },
        "node_modules/emoji-regex": {
            "version": "8.0.0",
            "resolved": "https://pkgs.dev.azure.com/shellenergy-au/_packaging/Common/npm/registry/emoji-regex/-/emoji-regex-8.0.0.tgz",
            "integrity": "sha1-6Bj9ac5cz8tARZT4QpY79TFkzDc=",
            "dev": true,
            "license": "MIT"
        },
        "node_modules/escalade": {
            "version": "3.1.1",
            "resolved": "https://pkgs.dev.azure.com/shellenergy-au/_packaging/Common/npm/registry/escalade/-/escalade-3.1.1.tgz",
            "integrity": "sha1-2M/ccACWXFoBdLSoLqpcBVJ0LkA=",
            "dev": true,
            "license": "MIT",
            "engines": {
                "node": ">=6"
            }
        },
        "node_modules/find-up": {
            "version": "5.0.0",
            "resolved": "https://pkgs.dev.azure.com/shellenergy-au/_packaging/Common/npm/registry/find-up/-/find-up-5.0.0.tgz",
            "integrity": "sha1-TJKBnstwg1YeT0okCoa+UZj1Nvw=",
            "dev": true,
            "license": "MIT",
            "dependencies": {
                "locate-path": "^6.0.0",
                "path-exists": "^4.0.0"
            },
            "engines": {
                "node": ">=10"
            },
            "funding": {
                "url": "https://github.com/sponsors/sindresorhus"
            }
        },
        "node_modules/foreground-child": {
            "version": "2.0.0",
            "resolved": "https://pkgs.dev.azure.com/shellenergy-au/_packaging/Common/npm/registry/foreground-child/-/foreground-child-2.0.0.tgz",
            "integrity": "sha1-cbMoAMnxWqjy+D9Ka9m/812GGlM=",
            "dev": true,
            "license": "ISC",
            "dependencies": {
                "cross-spawn": "^7.0.0",
                "signal-exit": "^3.0.2"
            },
            "engines": {
                "node": ">=8.0.0"
            }
        },
        "node_modules/fs.realpath": {
            "version": "1.0.0",
            "resolved": "https://pkgs.dev.azure.com/shellenergy-au/_packaging/Common/npm/registry/fs.realpath/-/fs.realpath-1.0.0.tgz",
            "integrity": "sha1-FQStJSMVjKpA20onh8sBQRmU6k8=",
            "dev": true,
            "license": "ISC"
        },
        "node_modules/get-caller-file": {
            "version": "2.0.5",
            "resolved": "https://pkgs.dev.azure.com/shellenergy-au/_packaging/Common/npm/registry/get-caller-file/-/get-caller-file-2.0.5.tgz",
            "integrity": "sha1-T5RBKoLbMvNuOwuXQfipf+sDH34=",
            "dev": true,
            "license": "ISC",
            "engines": {
                "node": "6.* || 8.* || >= 10.*"
            }
        },
        "node_modules/glob": {
            "version": "7.2.3",
            "resolved": "https://pkgs.dev.azure.com/shellenergy-au/_packaging/Common/npm/registry/glob/-/glob-7.2.3.tgz",
            "integrity": "sha1-uN8PuAK7+o6JvR2Ti04WV47UTys=",
            "dev": true,
            "license": "ISC",
            "dependencies": {
                "fs.realpath": "^1.0.0",
                "inflight": "^1.0.4",
                "inherits": "2",
                "minimatch": "^3.1.1",
                "once": "^1.3.0",
                "path-is-absolute": "^1.0.0"
            },
            "engines": {
                "node": "*"
            },
            "funding": {
                "url": "https://github.com/sponsors/isaacs"
            }
        },
        "node_modules/has-flag": {
            "version": "4.0.0",
            "resolved": "https://pkgs.dev.azure.com/shellenergy-au/_packaging/Common/npm/registry/has-flag/-/has-flag-4.0.0.tgz",
            "integrity": "sha1-lEdx/ZyByBJlxNaUGGDaBrtZR5s=",
            "dev": true,
            "license": "MIT",
            "engines": {
                "node": ">=8"
            }
        },
        "node_modules/html-escaper": {
            "version": "2.0.2",
            "resolved": "https://pkgs.dev.azure.com/shellenergy-au/_packaging/Common/npm/registry/html-escaper/-/html-escaper-2.0.2.tgz",
            "integrity": "sha1-39YAJ9o2o238viNiYsAKWCJoFFM=",
            "dev": true,
            "license": "MIT"
        },
        "node_modules/inflight": {
            "version": "1.0.6",
            "resolved": "https://pkgs.dev.azure.com/shellenergy-au/_packaging/Common/npm/registry/inflight/-/inflight-1.0.6.tgz",
            "integrity": "sha1-Sb1jMdfQLQwJvJEKEHW6gWW1bfk=",
            "dev": true,
            "license": "ISC",
            "dependencies": {
                "once": "^1.3.0",
                "wrappy": "1"
            }
        },
        "node_modules/inherits": {
            "version": "2.0.4",
            "resolved": "https://pkgs.dev.azure.com/shellenergy-au/_packaging/Common/npm/registry/inherits/-/inherits-2.0.4.tgz",
            "integrity": "sha1-D6LGT5MpF8NDOg3tVTY6rjdBa3w=",
            "dev": true,
            "license": "ISC"
        },
        "node_modules/is-fullwidth-code-point": {
            "version": "3.0.0",
            "resolved": "https://pkgs.dev.azure.com/shellenergy-au/_packaging/Common/npm/registry/is-fullwidth-code-point/-/is-fullwidth-code-point-3.0.0.tgz",
            "integrity": "sha1-8Rb4Bk/pCz94RKOJl8C3UFEmnx0=",
            "dev": true,
            "license": "MIT",
            "engines": {
                "node": ">=8"
            }
        },
        "node_modules/isexe": {
            "version": "2.0.0",
            "resolved": "https://pkgs.dev.azure.com/shellenergy-au/_packaging/Common/npm/registry/isexe/-/isexe-2.0.0.tgz",
            "integrity": "sha1-6PvzdNxVb/iUehDcsFctYz8s+hA=",
            "dev": true,
            "license": "ISC"
        },
        "node_modules/istanbul-lib-coverage": {
            "version": "3.2.0",
            "resolved": "https://pkgs.dev.azure.com/shellenergy-au/_packaging/Common/npm/registry/istanbul-lib-coverage/-/istanbul-lib-coverage-3.2.0.tgz",
            "integrity": "sha1-GJ55CdCjn6Wj361bA/cZR3cBkdM=",
            "dev": true,
            "license": "BSD-3-Clause",
            "engines": {
                "node": ">=8"
            }
        },
        "node_modules/istanbul-lib-report": {
            "version": "3.0.0",
            "resolved": "https://pkgs.dev.azure.com/shellenergy-au/_packaging/Common/npm/registry/istanbul-lib-report/-/istanbul-lib-report-3.0.0.tgz",
            "integrity": "sha1-dRj+UupE3jcvRgp2tezan/tz2KY=",
            "dev": true,
            "license": "BSD-3-Clause",
            "dependencies": {
                "istanbul-lib-coverage": "^3.0.0",
                "make-dir": "^3.0.0",
                "supports-color": "^7.1.0"
            },
            "engines": {
                "node": ">=8"
            }
        },
        "node_modules/istanbul-reports": {
            "version": "3.1.5",
            "resolved": "https://pkgs.dev.azure.com/shellenergy-au/_packaging/Common/npm/registry/istanbul-reports/-/istanbul-reports-3.1.5.tgz",
            "integrity": "sha1-zJpqslyyVlmBDkeF7Z2ft0JXi64=",
            "dev": true,
            "license": "BSD-3-Clause",
            "dependencies": {
                "html-escaper": "^2.0.0",
                "istanbul-lib-report": "^3.0.0"
            },
            "engines": {
                "node": ">=8"
            }
        },
        "node_modules/locate-path": {
            "version": "6.0.0",
            "resolved": "https://pkgs.dev.azure.com/shellenergy-au/_packaging/Common/npm/registry/locate-path/-/locate-path-6.0.0.tgz",
            "integrity": "sha1-VTIeswn+u8WcSAHZMackUqaB0oY=",
            "dev": true,
            "license": "MIT",
            "dependencies": {
                "p-locate": "^5.0.0"
            },
            "engines": {
                "node": ">=10"
            },
            "funding": {
                "url": "https://github.com/sponsors/sindresorhus"
            }
        },
        "node_modules/make-dir": {
            "version": "3.1.0",
            "resolved": "https://pkgs.dev.azure.com/shellenergy-au/_packaging/Common/npm/registry/make-dir/-/make-dir-3.1.0.tgz",
            "integrity": "sha1-QV6WcEazp/HRhSd9hKpYIDcmoT8=",
            "dev": true,
            "license": "MIT",
            "dependencies": {
                "semver": "^6.0.0"
            },
            "engines": {
                "node": ">=8"
            },
            "funding": {
                "url": "https://github.com/sponsors/sindresorhus"
            }
        },
        "node_modules/make-error": {
            "version": "1.3.6",
            "resolved": "https://registry.npmjs.org/make-error/-/make-error-1.3.6.tgz",
            "integrity": "sha512-s8UhlNe7vPKomQhC1qFelMokr/Sc3AgNbso3n74mVPA5LTZwkB9NlXf4XPamLxJE8h0gh73rM94xvwRT2CVInw==",
            "dev": true,
            "license": "ISC"
        },
        "node_modules/minimatch": {
            "version": "3.1.2",
            "resolved": "https://pkgs.dev.azure.com/shellenergy-au/_packaging/Common/npm/registry/minimatch/-/minimatch-3.1.2.tgz",
            "integrity": "sha1-Gc0ZS/0+Qo8EmnCBfAONiatL41s=",
            "dev": true,
            "license": "ISC",
            "dependencies": {
                "brace-expansion": "^1.1.7"
            },
            "engines": {
                "node": "*"
            }
        },
        "node_modules/once": {
            "version": "1.4.0",
            "resolved": "https://pkgs.dev.azure.com/shellenergy-au/_packaging/Common/npm/registry/once/-/once-1.4.0.tgz",
            "integrity": "sha1-WDsap3WWHUsROsF9nFC6753Xa9E=",
            "dev": true,
            "license": "ISC",
            "dependencies": {
                "wrappy": "1"
            }
        },
        "node_modules/p-limit": {
            "version": "3.1.0",
            "resolved": "https://pkgs.dev.azure.com/shellenergy-au/_packaging/Common/npm/registry/p-limit/-/p-limit-3.1.0.tgz",
            "integrity": "sha1-4drMvnjQ0TiMoYxk/qOOPlfjcGs=",
            "dev": true,
            "license": "MIT",
            "dependencies": {
                "yocto-queue": "^0.1.0"
            },
            "engines": {
                "node": ">=10"
            },
            "funding": {
                "url": "https://github.com/sponsors/sindresorhus"
            }
        },
        "node_modules/p-locate": {
            "version": "5.0.0",
            "resolved": "https://pkgs.dev.azure.com/shellenergy-au/_packaging/Common/npm/registry/p-locate/-/p-locate-5.0.0.tgz",
            "integrity": "sha1-g8gxXGeFAF470CGDlBHJ4RDm2DQ=",
            "dev": true,
            "license": "MIT",
            "dependencies": {
                "p-limit": "^3.0.2"
            },
            "engines": {
                "node": ">=10"
            },
            "funding": {
                "url": "https://github.com/sponsors/sindresorhus"
            }
        },
        "node_modules/path-exists": {
            "version": "4.0.0",
            "resolved": "https://pkgs.dev.azure.com/shellenergy-au/_packaging/Common/npm/registry/path-exists/-/path-exists-4.0.0.tgz",
            "integrity": "sha1-UTvb4tO5XXdi6METfvoZXGxhtbM=",
            "dev": true,
            "license": "MIT",
            "engines": {
                "node": ">=8"
            }
        },
        "node_modules/path-is-absolute": {
            "version": "1.0.1",
            "resolved": "https://pkgs.dev.azure.com/shellenergy-au/_packaging/Common/npm/registry/path-is-absolute/-/path-is-absolute-1.0.1.tgz",
            "integrity": "sha1-F0uSaHNVNP+8es5r9TpanhtcX18=",
            "dev": true,
            "license": "MIT",
            "engines": {
                "node": ">=0.10.0"
            }
        },
        "node_modules/path-key": {
            "version": "3.1.1",
            "resolved": "https://pkgs.dev.azure.com/shellenergy-au/_packaging/Common/npm/registry/path-key/-/path-key-3.1.1.tgz",
            "integrity": "sha1-WB9q3mWMu6ZaDTOA3ndTKVBU83U=",
            "dev": true,
            "license": "MIT",
            "engines": {
                "node": ">=8"
            }
        },
        "node_modules/prettier": {
            "version": "2.0.5",
            "resolved": "https://registry.npmjs.org/prettier/-/prettier-2.0.5.tgz",
            "integrity": "sha512-7PtVymN48hGcO4fGjybyBSIWDsLU4H4XlvOHfq91pz9kkGlonzwTfYkaIEwiRg/dAJF9YlbsduBAgtYLi+8cFg==",
            "dev": true,
            "license": "MIT",
            "bin": {
                "prettier": "bin-prettier.js"
            },
            "engines": {
                "node": ">=10.13.0"
            }
        },
        "node_modules/require-directory": {
            "version": "2.1.1",
            "resolved": "https://pkgs.dev.azure.com/shellenergy-au/_packaging/Common/npm/registry/require-directory/-/require-directory-2.1.1.tgz",
            "integrity": "sha1-jGStX9MNqxyXbiNE/+f3kqam30I=",
            "dev": true,
            "license": "MIT",
            "engines": {
                "node": ">=0.10.0"
            }
        },
        "node_modules/rimraf": {
            "version": "3.0.2",
            "resolved": "https://pkgs.dev.azure.com/shellenergy-au/_packaging/Common/npm/registry/rimraf/-/rimraf-3.0.2.tgz",
            "integrity": "sha1-8aVAK6YiCtUswSgrrBrjqkn9Bho=",
            "dev": true,
            "license": "ISC",
            "dependencies": {
                "glob": "^7.1.3"
            },
            "bin": {
                "rimraf": "bin.js"
            },
            "funding": {
                "url": "https://github.com/sponsors/isaacs"
            }
        },
        "node_modules/semver": {
            "version": "6.3.0",
            "resolved": "https://pkgs.dev.azure.com/shellenergy-au/_packaging/Common/npm/registry/semver/-/semver-6.3.0.tgz",
            "integrity": "sha1-7gpkyK9ejO6mdoexM3YeG+y9HT0=",
            "dev": true,
            "license": "ISC",
            "bin": {
                "semver": "bin/semver.js"
            }
        },
        "node_modules/shebang-command": {
            "version": "2.0.0",
            "resolved": "https://pkgs.dev.azure.com/shellenergy-au/_packaging/Common/npm/registry/shebang-command/-/shebang-command-2.0.0.tgz",
            "integrity": "sha1-zNCvT4g1+9wmW4JGGq8MNmY/NOo=",
            "dev": true,
            "license": "MIT",
            "dependencies": {
                "shebang-regex": "^3.0.0"
            },
            "engines": {
                "node": ">=8"
            }
        },
        "node_modules/shebang-regex": {
            "version": "3.0.0",
            "resolved": "https://pkgs.dev.azure.com/shellenergy-au/_packaging/Common/npm/registry/shebang-regex/-/shebang-regex-3.0.0.tgz",
            "integrity": "sha1-rhbxZE2HPsrYQ7AwexQzYtTEIXI=",
            "dev": true,
            "license": "MIT",
            "engines": {
                "node": ">=8"
            }
        },
        "node_modules/signal-exit": {
            "version": "3.0.7",
            "resolved": "https://pkgs.dev.azure.com/shellenergy-au/_packaging/Common/npm/registry/signal-exit/-/signal-exit-3.0.7.tgz",
            "integrity": "sha1-qaF2f4r4QVURTqq9c/mSc8j1mtk=",
            "dev": true,
            "license": "ISC"
        },
        "node_modules/string-width": {
            "version": "4.2.3",
            "resolved": "https://pkgs.dev.azure.com/shellenergy-au/_packaging/Common/npm/registry/string-width/-/string-width-4.2.3.tgz",
            "integrity": "sha1-JpxxF9J7Ba0uU2gwqOyJXvnG0BA=",
            "dev": true,
            "license": "MIT",
            "dependencies": {
                "emoji-regex": "^8.0.0",
                "is-fullwidth-code-point": "^3.0.0",
                "strip-ansi": "^6.0.1"
            },
            "engines": {
                "node": ">=8"
            }
        },
        "node_modules/strip-ansi": {
            "version": "6.0.1",
            "resolved": "https://pkgs.dev.azure.com/shellenergy-au/_packaging/Common/npm/registry/strip-ansi/-/strip-ansi-6.0.1.tgz",
            "integrity": "sha1-nibGPTD1NEPpSJSVshBdN7Z6hdk=",
            "dev": true,
            "license": "MIT",
            "dependencies": {
                "ansi-regex": "^5.0.1"
            },
            "engines": {
                "node": ">=8"
            }
        },
        "node_modules/supports-color": {
            "version": "7.2.0",
            "resolved": "https://pkgs.dev.azure.com/shellenergy-au/_packaging/Common/npm/registry/supports-color/-/supports-color-7.2.0.tgz",
            "integrity": "sha1-G33NyzK4E4gBs+R4umpRyqiWSNo=",
            "dev": true,
            "license": "MIT",
            "dependencies": {
                "has-flag": "^4.0.0"
            },
            "engines": {
                "node": ">=8"
            }
        },
        "node_modules/test-exclude": {
            "version": "6.0.0",
            "resolved": "https://pkgs.dev.azure.com/shellenergy-au/_packaging/Common/npm/registry/test-exclude/-/test-exclude-6.0.0.tgz",
            "integrity": "sha1-BKhphmHYBepvopO2y55jrARO8V4=",
            "dev": true,
            "license": "ISC",
            "dependencies": {
                "@istanbuljs/schema": "^0.1.2",
                "glob": "^7.1.4",
                "minimatch": "^3.0.4"
            },
            "engines": {
                "node": ">=8"
            }
        },
        "node_modules/ts-node": {
            "version": "10.9.1",
            "resolved": "https://pkgs.dev.azure.com/shellenergy-au/_packaging/Common/npm/registry/ts-node/-/ts-node-10.9.1.tgz",
            "integrity": "sha1-5z3pEClYr54fCxaKb/Mg4lrc/0s=",
            "dev": true,
            "license": "MIT",
            "dependencies": {
                "@cspotcode/source-map-support": "^0.8.0",
                "@tsconfig/node10": "^1.0.7",
                "@tsconfig/node12": "^1.0.7",
                "@tsconfig/node14": "^1.0.0",
                "@tsconfig/node16": "^1.0.2",
                "acorn": "^8.4.1",
                "acorn-walk": "^8.1.1",
                "arg": "^4.1.0",
                "create-require": "^1.1.0",
                "diff": "^4.0.1",
                "make-error": "^1.1.1",
                "v8-compile-cache-lib": "^3.0.1",
                "yn": "3.1.1"
            },
            "bin": {
                "ts-node": "dist/bin.js",
                "ts-node-cwd": "dist/bin-cwd.js",
                "ts-node-esm": "dist/bin-esm.js",
                "ts-node-script": "dist/bin-script.js",
                "ts-node-transpile-only": "dist/bin-transpile.js",
                "ts-script": "dist/bin-script-deprecated.js"
            },
            "peerDependencies": {
                "@swc/core": ">=1.2.50",
                "@swc/wasm": ">=1.2.50",
                "@types/node": "*",
                "typescript": ">=2.7"
            },
            "peerDependenciesMeta": {
                "@swc/core": {
                    "optional": true
                },
                "@swc/wasm": {
                    "optional": true
                }
            }
        },
        "node_modules/typescript": {
            "version": "5.0.4",
            "resolved": "https://pkgs.dev.azure.com/shellenergy-au/_packaging/Common/npm/registry/typescript/-/typescript-5.0.4.tgz",
            "integrity": "sha1-shf9IBGb1hqU1AESdOCrNpBY2js=",
            "dev": true,
            "license": "Apache-2.0",
            "bin": {
                "tsc": "bin/tsc",
                "tsserver": "bin/tsserver"
            },
            "engines": {
                "node": ">=12.20"
            }
        },
        "node_modules/v8-compile-cache-lib": {
            "version": "3.0.1",
            "resolved": "https://pkgs.dev.azure.com/shellenergy-au/_packaging/Common/npm/registry/v8-compile-cache-lib/-/v8-compile-cache-lib-3.0.1.tgz",
            "integrity": "sha1-Yzbo1xllyz01obu3hoRFp8BSZL8=",
            "dev": true,
            "license": "MIT"
        },
        "node_modules/v8-to-istanbul": {
            "version": "9.1.0",
            "resolved": "https://pkgs.dev.azure.com/shellenergy-au/_packaging/Common/npm/registry/v8-to-istanbul/-/v8-to-istanbul-9.1.0.tgz",
            "integrity": "sha1-G4PtTjl/WMhcJmpXD8JVi1/rkmU=",
            "dev": true,
            "license": "ISC",
            "dependencies": {
                "@jridgewell/trace-mapping": "^0.3.12",
                "@types/istanbul-lib-coverage": "^2.0.1",
                "convert-source-map": "^1.6.0"
            },
            "engines": {
                "node": ">=10.12.0"
            }
        },
        "node_modules/v8-to-istanbul/node_modules/@jridgewell/resolve-uri": {
            "version": "3.1.0",
            "resolved": "https://pkgs.dev.azure.com/shellenergy-au/_packaging/Common/npm/registry/@jridgewell/resolve-uri/-/resolve-uri-3.1.0.tgz",
            "integrity": "sha1-IgOxGMFXchrd/mnUe3BGVGMGbXg=",
            "dev": true,
            "license": "MIT",
            "engines": {
                "node": ">=6.0.0"
            }
        },
        "node_modules/v8-to-istanbul/node_modules/@jridgewell/sourcemap-codec": {
            "version": "1.4.14",
            "resolved": "https://pkgs.dev.azure.com/shellenergy-au/_packaging/Common/npm/registry/@jridgewell/sourcemap-codec/-/sourcemap-codec-1.4.14.tgz",
            "integrity": "sha1-rdTJjTQUcqKJGQtCTvvbCWmRuyQ=",
            "dev": true,
            "license": "MIT"
        },
        "node_modules/v8-to-istanbul/node_modules/@jridgewell/trace-mapping": {
            "version": "0.3.18",
            "resolved": "https://pkgs.dev.azure.com/shellenergy-au/_packaging/Common/npm/registry/@jridgewell/trace-mapping/-/trace-mapping-0.3.18.tgz",
            "integrity": "sha1-JXg7IIba9v8dy1PJJJrkgOTdTNY=",
            "dev": true,
            "license": "MIT",
            "dependencies": {
                "@jridgewell/resolve-uri": "3.1.0",
                "@jridgewell/sourcemap-codec": "1.4.14"
            }
        },
        "node_modules/which": {
            "version": "2.0.2",
            "resolved": "https://pkgs.dev.azure.com/shellenergy-au/_packaging/Common/npm/registry/which/-/which-2.0.2.tgz",
            "integrity": "sha1-fGqN0KY2oDJ+ELWckobu6T8/UbE=",
            "dev": true,
            "license": "ISC",
            "dependencies": {
                "isexe": "^2.0.0"
            },
            "bin": {
                "node-which": "bin/node-which"
            },
            "engines": {
                "node": ">= 8"
            }
        },
        "node_modules/wrap-ansi": {
            "version": "7.0.0",
            "resolved": "https://pkgs.dev.azure.com/shellenergy-au/_packaging/Common/npm/registry/wrap-ansi/-/wrap-ansi-7.0.0.tgz",
            "integrity": "sha1-Z+FFz/UQpqaYS98RUpEdadLrnkM=",
            "dev": true,
            "license": "MIT",
            "dependencies": {
                "ansi-styles": "^4.0.0",
                "string-width": "^4.1.0",
                "strip-ansi": "^6.0.0"
            },
            "engines": {
                "node": ">=10"
            },
            "funding": {
                "url": "https://github.com/chalk/wrap-ansi?sponsor=1"
            }
        },
        "node_modules/wrappy": {
            "version": "1.0.2",
            "resolved": "https://pkgs.dev.azure.com/shellenergy-au/_packaging/Common/npm/registry/wrappy/-/wrappy-1.0.2.tgz",
            "integrity": "sha1-tSQ9jz7BqjXxNkYFvA0QNuMKtp8=",
            "dev": true,
            "license": "ISC"
        },
        "node_modules/y18n": {
            "version": "5.0.8",
            "resolved": "https://pkgs.dev.azure.com/shellenergy-au/_packaging/Common/npm/registry/y18n/-/y18n-5.0.8.tgz",
            "integrity": "sha1-f0k00PfKjFb5UxSTndzS3ZHOHVU=",
            "dev": true,
            "license": "ISC",
            "engines": {
                "node": ">=10"
            }
        },
        "node_modules/yargs": {
            "version": "16.2.0",
            "resolved": "https://pkgs.dev.azure.com/shellenergy-au/_packaging/Common/npm/registry/yargs/-/yargs-16.2.0.tgz",
            "integrity": "sha1-HIK/D2tqZur85+8w43b0mhJHf2Y=",
            "dev": true,
            "license": "MIT",
            "dependencies": {
                "cliui": "^7.0.2",
                "escalade": "^3.1.1",
                "get-caller-file": "^2.0.5",
                "require-directory": "^2.1.1",
                "string-width": "^4.2.0",
                "y18n": "^5.0.5",
                "yargs-parser": "^20.2.2"
            },
            "engines": {
                "node": ">=10"
            }
        },
        "node_modules/yargs-parser": {
            "version": "20.2.9",
            "resolved": "https://pkgs.dev.azure.com/shellenergy-au/_packaging/Common/npm/registry/yargs-parser/-/yargs-parser-20.2.9.tgz",
            "integrity": "sha1-LrfcOwKJcY/ClfNidThFxBoMlO4=",
            "dev": true,
            "license": "ISC",
            "engines": {
                "node": ">=10"
            }
        },
        "node_modules/yn": {
            "version": "3.1.1",
            "resolved": "https://registry.npmjs.org/yn/-/yn-3.1.1.tgz",
            "integrity": "sha512-Ux4ygGWsu2c7isFWe8Yu1YluJmqVhxqK2cLXNQA5AcC3QfbGNpM7fu0Y8b/z16pXLnFxZYvWhd3fhBY9DLmC6Q==",
            "dev": true,
            "license": "MIT",
            "engines": {
                "node": ">=6"
            }
        },
        "node_modules/yocto-queue": {
            "version": "0.1.0",
            "resolved": "https://pkgs.dev.azure.com/shellenergy-au/_packaging/Common/npm/registry/yocto-queue/-/yocto-queue-0.1.0.tgz",
            "integrity": "sha1-ApTrPe4FAo0x7hpfosVWpqrxChs=",
            "dev": true,
            "license": "MIT",
            "engines": {
                "node": ">=10"
            },
            "funding": {
                "url": "https://github.com/sponsors/sindresorhus"
            }
        }
    }
}
